# This file is automatically @generated by Cargo.
# It is not intended for manual editing.
version = 3

[[package]]
name = "dissimilar"
version = "1.0.11"
source = "registry+https://github.com/rust-lang/crates.io-index"
checksum = "aeda16ab4059c5fd2a83f2b9c9e9c981327b18aa8e3b313f7e6563799d4f093e"

[[package]]
name = "expect-test"
version = "1.5.1"
dependencies = [
 "dissimilar",
 "once_cell",
]

[[package]]
name = "once_cell"
version = "1.21.4"
source = "registry+https://github.com/rust-lang/crates.io-index"
checksum = "9f7c3e4beb33f85d45ae3e3a1792185706c8e16d043238c593331cc7cd313b50"

[[package]]
name = "xaction"
version = "0.2.4"
source = "registry+https://github.com/rust-lang/crates.io-index"
checksum = "5655cc22964d2ea3fe69a6e40e81ec1a979a7dd0d0d9c126eb211b2f59f9ab6a"
dependencies = [
 "xshell",
]

[[package]]
name = "xshell"
version = "0.1.17"
source = "registry+https://github.com/rust-lang/crates.io-index"
checksum = "eaad2035244c56da05573d4d7fda5f903c60a5f35b9110e157a14a1df45a9f14"
dependencies = [
 "xshell-macros",
]

[[package]]
name = "xshell-macros"
version = "0.1.17"
source = "registry+https://github.com/rust-lang/crates.io-index"
checksum = "4916a4a3cad759e499a3620523bf9545cc162d7a06163727dde97ce9aaa4cf39"

[[package]]
name = "xtask"
version = "0.0.0"
dependencies = [
 "xaction",
]
